// !$*UTF8*$!
{
	archiveVersion = 1;
	classes = {
	};
	objectVersion = 48;
	objects = {

/* Begin PBXBuildFile section */
		8279445A846CC9A372997E51 /* Pods_PokeFinderTests.framework in Frameworks */ = {isa = PBXBuildFile; fileRef = BD95AD8ABAAE54B8E5E70BC2 /* Pods_PokeFinderTests.framework */; };
		BF77E9A81F7EDD1F00A90CC7 /* AppDelegate.swift in Sources */ = {isa = PBXBuildFile; fileRef = BF77E9A71F7EDD1F00A90CC7 /* AppDelegate.swift */; };
		BF77E9AA1F7EDD1F00A90CC7 /* ViewController.swift in Sources */ = {isa = PBXBuildFile; fileRef = BF77E9A91F7EDD1F00A90CC7 /* ViewController.swift */; };
		BF77E9AD1F7EDD1F00A90CC7 /* Main.storyboard in Resources */ = {isa = PBXBuildFile; fileRef = BF77E9AB1F7EDD1F00A90CC7 /* Main.storyboard */; };
		BF77E9AF1F7EDD1F00A90CC7 /* Assets.xcassets in Resources */ = {isa = PBXBuildFile; fileRef = BF77E9AE1F7EDD1F00A90CC7 /* Assets.xcassets */; };
		BF77E9B21F7EDD1F00A90CC7 /* LaunchScreen.storyboard in Resources */ = {isa = PBXBuildFile; fileRef = BF77E9B01F7EDD1F00A90CC7 /* LaunchScreen.storyboard */; };
		BF77E9BD1F7EDD1F00A90CC7 /* PokeFinderTests.swift in Sources */ = {isa = PBXBuildFile; fileRef = BF77E9BC1F7EDD1F00A90CC7 /* PokeFinderTests.swift */; };
		F8CF961EC9AB4A99A79DC17B /* Pods_PokeFinder.framework in Frameworks */ = {isa = PBXBuildFile; fileRef = 90BF331332C69B1AA67DE331 /* Pods_PokeFinder.framework */; };
/* End PBXBuildFile section */

/* Begin PBXContainerItemProxy section */
		BF77E9B91F7EDD1F00A90CC7 /* PBXContainerItemProxy */ = {
			isa = PBXContainerItemProxy;
			containerPortal = BF77E99C1F7EDD1F00A90CC7 /* Project object */;
			proxyType = 1;
			remoteGlobalIDString = BF77E9A31F7EDD1F00A90CC7;
			remoteInfo = PokeFinder;
		};
/* End PBXContainerItemProxy section */

/* Begin PBXFileReference section */
		03A7D029C45FB442B01531D8 /* Pods-PokeFinderTests.debug.xcconfig */ = {isa = PBXFileReference; includeInIndex = 1; lastKnownFileType = text.xcconfig; name = "Pods-PokeFinderTests.debug.xcconfig"; path = "Pods/Target Support Files/Pods-PokeFinderTests/Pods-PokeFinderTests.debug.xcconfig"; sourceTree = "<group>"; };
		2066DBB77A207216FE00981E /* Pods-PokeFinder.release.xcconfig */ = {isa = PBXFileReference; includeInIndex = 1; lastKnownFileType = text.xcconfig; name = "Pods-PokeFinder.release.xcconfig"; path = "Pods/Target Support Files/Pods-PokeFinder/Pods-PokeFinder.release.xcconfig"; sourceTree = "<group>"; };
		2DA04143DC65FB52E24DD713 /* Pods-PokeFinderTests.release.xcconfig */ = {isa = PBXFileReference; includeInIndex = 1; lastKnownFileType = text.xcconfig; name = "Pods-PokeFinderTests.release.xcconfig"; path = "Pods/Target Support Files/Pods-PokeFinderTests/Pods-PokeFinderTests.release.xcconfig"; sourceTree = "<group>"; };
		90BF331332C69B1AA67DE331 /* Pods_PokeFinder.framework */ = {isa = PBXFileReference; explicitFileType = wrapper.framework; includeInIndex = 0; path = Pods_PokeFinder.framework; sourceTree = BUILT_PRODUCTS_DIR; };
		B902AE4C71C2BF9452C0DD21 /* Pods-PokeFinder.debug.xcconfig */ = {isa = PBXFileReference; includeInIndex = 1; lastKnownFileType = text.xcconfig; name = "Pods-PokeFinder.debug.xcconfig"; path = "Pods/Target Support Files/Pods-PokeFinder/Pods-PokeFinder.debug.xcconfig"; sourceTree = "<group>"; };
		BD95AD8ABAAE54B8E5E70BC2 /* Pods_PokeFinderTests.framework */ = {isa = PBXFileReference; explicitFileType = wrapper.framework; includeInIndex = 0; path = Pods_PokeFinderTests.framework; sourceTree = BUILT_PRODUCTS_DIR; };
		BF644C681F7EE07500B75F76 /* PokeFinder-Bridging-Header.h */ = {isa = PBXFileReference; lastKnownFileType = sourcecode.c.h; path = "PokeFinder-Bridging-Header.h"; sourceTree = "<group>"; };
		BF644C6B1F7EE13A00B75F76 /* GeoFire.h */ = {isa = PBXFileReference; lastKnownFileType = sourcecode.c.h; path = GeoFire.h; sourceTree = "<group>"; };
		BF644C6C1F7EE13A00B75F76 /* GFCircleQuery.h */ = {isa = PBXFileReference; lastKnownFileType = sourcecode.c.h; path = GFCircleQuery.h; sourceTree = "<group>"; };
		BF644C6D1F7EE13A00B75F76 /* GFQuery.h */ = {isa = PBXFileReference; lastKnownFileType = sourcecode.c.h; path = GFQuery.h; sourceTree = "<group>"; };
		BF644C6E1F7EE13A00B75F76 /* GFRegionQuery.h */ = {isa = PBXFileReference; lastKnownFileType = sourcecode.c.h; path = GFRegionQuery.h; sourceTree = "<group>"; };
		BF644C6F1F7EE13A00B75F76 /* GeoFire-Prefix.pch */ = {isa = PBXFileReference; lastKnownFileType = sourcecode.c.h; path = "GeoFire-Prefix.pch"; sourceTree = "<group>"; };
		BF644C711F7EE13A00B75F76 /* GeoFire+Private.h */ = {isa = PBXFileReference; lastKnownFileType = sourcecode.c.h; path = "GeoFire+Private.h"; sourceTree = "<group>"; };
		BF644C721F7EE13A00B75F76 /* GeoFire.m */ = {isa = PBXFileReference; lastKnownFileType = sourcecode.c.objc; path = GeoFire.m; sourceTree = "<group>"; };
		BF644C731F7EE13A00B75F76 /* GFBase32Utils.h */ = {isa = PBXFileReference; lastKnownFileType = sourcecode.c.h; path = GFBase32Utils.h; sourceTree = "<group>"; };
		BF644C741F7EE13A00B75F76 /* GFBase32Utils.m */ = {isa = PBXFileReference; lastKnownFileType = sourcecode.c.objc; path = GFBase32Utils.m; sourceTree = "<group>"; };
		BF644C751F7EE13A00B75F76 /* GFGeoHash.h */ = {isa = PBXFileReference; lastKnownFileType = sourcecode.c.h; path = GFGeoHash.h; sourceTree = "<group>"; };
		BF644C761F7EE13A00B75F76 /* GFGeoHash.m */ = {isa = PBXFileReference; lastKnownFileType = sourcecode.c.objc; path = GFGeoHash.m; sourceTree = "<group>"; };
		BF644C771F7EE13A00B75F76 /* GFGeoHashQuery.h */ = {isa = PBXFileReference; lastKnownFileType = sourcecode.c.h; path = GFGeoHashQuery.h; sourceTree = "<group>"; };
		BF644C781F7EE13A00B75F76 /* GFGeoHashQuery.m */ = {isa = PBXFileReference; lastKnownFileType = sourcecode.c.objc; path = GFGeoHashQuery.m; sourceTree = "<group>"; };
		BF644C791F7EE13A00B75F76 /* GFQuery+Private.h */ = {isa = PBXFileReference; lastKnownFileType = sourcecode.c.h; path = "GFQuery+Private.h"; sourceTree = "<group>"; };
		BF644C7A1F7EE13A00B75F76 /* GFQuery.m */ = {isa = PBXFileReference; lastKnownFileType = sourcecode.c.objc; path = GFQuery.m; sourceTree = "<group>"; };
		BF644C7B1F7EEB4C00B75F76 /* GoogleService-Info.plist */ = {isa = PBXFileReference; lastKnownFileType = text.plist.xml; path = "GoogleService-Info.plist"; sourceTree = "<group>"; };
		BF77E9A41F7EDD1F00A90CC7 /* PokeFinder.app */ = {isa = PBXFileReference; explicitFileType = wrapper.application; includeInIndex = 0; path = PokeFinder.app; sourceTree = BUILT_PRODUCTS_DIR; };
		BF77E9A71F7EDD1F00A90CC7 /* AppDelegate.swift */ = {isa = PBXFileReference; lastKnownFileType = sourcecode.swift; path = AppDelegate.swift; sourceTree = "<group>"; };
		BF77E9A91F7EDD1F00A90CC7 /* ViewController.swift */ = {isa = PBXFileReference; lastKnownFileType = sourcecode.swift; path = ViewController.swift; sourceTree = "<group>"; };
		BF77E9AC1F7EDD1F00A90CC7 /* Base */ = {isa = PBXFileReference; lastKnownFileType = file.storyboard; name = Base; path = Base.lproj/Main.storyboard; sourceTree = "<group>"; };
		BF77E9AE1F7EDD1F00A90CC7 /* Assets.xcassets */ = {isa = PBXFileReference; lastKnownFileType = folder.assetcatalog; path = Assets.xcassets; sourceTree = "<group>"; };
		BF77E9B11F7EDD1F00A90CC7 /* Base */ = {isa = PBXFileReference; lastKnownFileType = file.storyboard; name = Base; path = Base.lproj/LaunchScreen.storyboard; sourceTree = "<group>"; };
		BF77E9B31F7EDD1F00A90CC7 /* Info.plist */ = {isa = PBXFileReference; lastKnownFileType = text.plist.xml; path = Info.plist; sourceTree = "<group>"; };
		BF77E9B81F7EDD1F00A90CC7 /* PokeFinderTests.xctest */ = {isa = PBXFileReference; explicitFileType = wrapper.cfbundle; includeInIndex = 0; path = PokeFinderTests.xctest; sourceTree = BUILT_PRODUCTS_DIR; };
		BF77E9BC1F7EDD1F00A90CC7 /* PokeFinderTests.swift */ = {isa = PBXFileReference; lastKnownFileType = sourcecode.swift; path = PokeFinderTests.swift; sourceTree = "<group>"; };
		BF77E9BE1F7EDD1F00A90CC7 /* Info.plist */ = {isa = PBXFileReference; lastKnownFileType = text.plist.xml; path = Info.plist; sourceTree = "<group>"; };
/* End PBXFileReference section */

/* Begin PBXFrameworksBuildPhase section */
		BF77E9A11F7EDD1F00A90CC7 /* Frameworks */ = {
			isa = PBXFrameworksBuildPhase;
			buildActionMask = 2147483647;
			files = (
				F8CF961EC9AB4A99A79DC17B /* Pods_PokeFinder.framework in Frameworks */,
			);
			runOnlyForDeploymentPostprocessing = 0;
		};
		BF77E9B51F7EDD1F00A90CC7 /* Frameworks */ = {
			isa = PBXFrameworksBuildPhase;
			buildActionMask = 2147483647;
			files = (
				8279445A846CC9A372997E51 /* Pods_PokeFinderTests.framework in Frameworks */,
			);
			runOnlyForDeploymentPostprocessing = 0;
		};
/* End PBXFrameworksBuildPhase section */

/* Begin PBXGroup section */
		5A891917F19EF30502CFB072 /* Pods */ = {
			isa = PBXGroup;
			children = (
				B902AE4C71C2BF9452C0DD21 /* Pods-PokeFinder.debug.xcconfig */,
				2066DBB77A207216FE00981E /* Pods-PokeFinder.release.xcconfig */,
				03A7D029C45FB442B01531D8 /* Pods-PokeFinderTests.debug.xcconfig */,
				2DA04143DC65FB52E24DD713 /* Pods-PokeFinderTests.release.xcconfig */,
			);
			name = Pods;
			sourceTree = "<group>";
		};
		9C2EE8350BEDB7179F84DB79 /* Frameworks */ = {
			isa = PBXGroup;
			children = (
				90BF331332C69B1AA67DE331 /* Pods_PokeFinder.framework */,
				BD95AD8ABAAE54B8E5E70BC2 /* Pods_PokeFinderTests.framework */,
			);
			name = Frameworks;
			sourceTree = "<group>";
		};
		BF644C691F7EE13A00B75F76 /* GeoFire */ = {
			isa = PBXGroup;
			children = (
				BF644C6A1F7EE13A00B75F76 /* API */,
				BF644C6F1F7EE13A00B75F76 /* GeoFire-Prefix.pch */,
				BF644C701F7EE13A00B75F76 /* Implementation */,
			);
			path = GeoFire;
			sourceTree = "<group>";
		};
		BF644C6A1F7EE13A00B75F76 /* API */ = {
			isa = PBXGroup;
			children = (
				BF644C6B1F7EE13A00B75F76 /* GeoFire.h */,
				BF644C6C1F7EE13A00B75F76 /* GFCircleQuery.h */,
				BF644C6D1F7EE13A00B75F76 /* GFQuery.h */,
				BF644C6E1F7EE13A00B75F76 /* GFRegionQuery.h */,
			);
			path = API;
			sourceTree = "<group>";
		};
		BF644C701F7EE13A00B75F76 /* Implementation */ = {
			isa = PBXGroup;
			children = (
				BF644C711F7EE13A00B75F76 /* GeoFire+Private.h */,
				BF644C721F7EE13A00B75F76 /* GeoFire.m */,
				BF644C731F7EE13A00B75F76 /* GFBase32Utils.h */,
				BF644C741F7EE13A00B75F76 /* GFBase32Utils.m */,
				BF644C751F7EE13A00B75F76 /* GFGeoHash.h */,
				BF644C761F7EE13A00B75F76 /* GFGeoHash.m */,
				BF644C771F7EE13A00B75F76 /* GFGeoHashQuery.h */,
				BF644C781F7EE13A00B75F76 /* GFGeoHashQuery.m */,
				BF644C791F7EE13A00B75F76 /* GFQuery+Private.h */,
				BF644C7A1F7EE13A00B75F76 /* GFQuery.m */,
			);
			path = Implementation;
			sourceTree = "<group>";
		};
		BF77E99B1F7EDD1F00A90CC7 = {
			isa = PBXGroup;
			children = (
				BF77E9A61F7EDD1F00A90CC7 /* PokeFinder */,
				BF77E9BB1F7EDD1F00A90CC7 /* PokeFinderTests */,
				BF77E9A51F7EDD1F00A90CC7 /* Products */,
				5A891917F19EF30502CFB072 /* Pods */,
				9C2EE8350BEDB7179F84DB79 /* Frameworks */,
			);
			sourceTree = "<group>";
		};
		BF77E9A51F7EDD1F00A90CC7 /* Products */ = {
			isa = PBXGroup;
			children = (
				BF77E9A41F7EDD1F00A90CC7 /* PokeFinder.app */,
				BF77E9B81F7EDD1F00A90CC7 /* PokeFinderTests.xctest */,
			);
			name = Products;
			sourceTree = "<group>";
		};
		BF77E9A61F7EDD1F00A90CC7 /* PokeFinder */ = {
			isa = PBXGroup;
			children = (
				BF644C691F7EE13A00B75F76 /* GeoFire */,
				BF77E9A71F7EDD1F00A90CC7 /* AppDelegate.swift */,
				BF77E9A91F7EDD1F00A90CC7 /* ViewController.swift */,
				BF77E9AB1F7EDD1F00A90CC7 /* Main.storyboard */,
				BF77E9AE1F7EDD1F00A90CC7 /* Assets.xcassets */,
				BF77E9B01F7EDD1F00A90CC7 /* LaunchScreen.storyboard */,
				BF77E9B31F7EDD1F00A90CC7 /* Info.plist */,
				BF644C7B1F7EEB4C00B75F76 /* GoogleService-Info.plist */,
				BF644C681F7EE07500B75F76 /* PokeFinder-Bridging-Header.h */,
			);
			path = PokeFinder;
			sourceTree = "<group>";
		};
		BF77E9BB1F7EDD1F00A90CC7 /* PokeFinderTests */ = {
			isa = PBXGroup;
			children = (
				BF77E9BC1F7EDD1F00A90CC7 /* PokeFinderTests.swift */,
				BF77E9BE1F7EDD1F00A90CC7 /* Info.plist */,
			);
			path = PokeFinderTests;
			sourceTree = "<group>";
		};
/* End PBXGroup section */

/* Begin PBXNativeTarget section */
		BF77E9A31F7EDD1F00A90CC7 /* PokeFinder */ = {
			isa = PBXNativeTarget;
			buildConfigurationList = BF77E9C11F7EDD1F00A90CC7 /* Build configuration list for PBXNativeTarget "PokeFinder" */;
			buildPhases = (
				09CBD0ED5114A36CE138E9F6 /* [CP] Check Pods Manifest.lock */,
				BF77E9A01F7EDD1F00A90CC7 /* Sources */,
				BF77E9A11F7EDD1F00A90CC7 /* Frameworks */,
				BF77E9A21F7EDD1F00A90CC7 /* Resources */,
				67C50499EA8DB38060184251 /* [CP] Embed Pods Frameworks */,
				72884246F43D8725160816B7 /* [CP] Copy Pods Resources */,
			);
			buildRules = (
			);
			dependencies = (
			);
			name = PokeFinder;
			productName = PokeFinder;
			productReference = BF77E9A41F7EDD1F00A90CC7 /* PokeFinder.app */;
			productType = "com.apple.product-type.application";
		};
		BF77E9B71F7EDD1F00A90CC7 /* PokeFinderTests */ = {
			isa = PBXNativeTarget;
			buildConfigurationList = BF77E9C41F7EDD1F00A90CC7 /* Build configuration list for PBXNativeTarget "PokeFinderTests" */;
			buildPhases = (
				82236D75EF0569D5B74A173E /* [CP] Check Pods Manifest.lock */,
				BF77E9B41F7EDD1F00A90CC7 /* Sources */,
				BF77E9B51F7EDD1F00A90CC7 /* Frameworks */,
				BF77E9B61F7EDD1F00A90CC7 /* Resources */,
				A2216A7973398C8BFF3C3704 /* [CP] Embed Pods Frameworks */,
				C3E269E0A057108D0A19B1B4 /* [CP] Copy Pods Resources */,
			);
			buildRules = (
			);
			dependencies = (
				BF77E9BA1F7EDD1F00A90CC7 /* PBXTargetDependency */,
			);
			name = PokeFinderTests;
			productName = PokeFinderTests;
			productReference = BF77E9B81F7EDD1F00A90CC7 /* PokeFinderTests.xctest */;
			productType = "com.apple.product-type.bundle.unit-test";
		};
/* End PBXNativeTarget section */

/* Begin PBXProject section */
		BF77E99C1F7EDD1F00A90CC7 /* Project object */ = {
			isa = PBXProject;
			attributes = {
				LastSwiftUpdateCheck = 0900;
				LastUpgradeCheck = 0900;
				ORGANIZATIONNAME = "Jacob Bailey";
				TargetAttributes = {
					BF77E9A31F7EDD1F00A90CC7 = {
						CreatedOnToolsVersion = 9.0;
						ProvisioningStyle = Automatic;
					};
					BF77E9B71F7EDD1F00A90CC7 = {
						CreatedOnToolsVersion = 9.0;
						ProvisioningStyle = Automatic;
						TestTargetID = BF77E9A31F7EDD1F00A90CC7;
					};
				};
			};
			buildConfigurationList = BF77E99F1F7EDD1F00A90CC7 /* Build configuration list for PBXProject "PokeFinder" */;
			compatibilityVersion = "Xcode 8.0";
			developmentRegion = en;
			hasScannedForEncodings = 0;
			knownRegions = (
				en,
				Base,
			);
			mainGroup = BF77E99B1F7EDD1F00A90CC7;
			productRefGroup = BF77E9A51F7EDD1F00A90CC7 /* Products */;
			projectDirPath = "";
			projectRoot = "";
			targets = (
				BF77E9A31F7EDD1F00A90CC7 /* PokeFinder */,
				BF77E9B71F7EDD1F00A90CC7 /* PokeFinderTests */,
			);
		};
/* End PBXProject section */

/* Begin PBXResourcesBuildPhase section */
		BF77E9A21F7EDD1F00A90CC7 /* Resources */ = {
			isa = PBXResourcesBuildPhase;
			buildActionMask = 2147483647;
			files = (
				BF77E9B21F7EDD1F00A90CC7 /* LaunchScreen.storyboard in Resources */,
				BF77E9AF1F7EDD1F00A90CC7 /* Assets.xcassets in Resources */,
				BF77E9AD1F7EDD1F00A90CC7 /* Main.storyboard in Resources */,
			);
			runOnlyForDeploymentPostprocessing = 0;
		};
		BF77E9B61F7EDD1F00A90CC7 /* Resources */ = {
			isa = PBXResourcesBuildPhase;
			buildActionMask = 2147483647;
			files = (
			);
			runOnlyForDeploymentPostprocessing = 0;
		};
/* End PBXResourcesBuildPhase section */

/* Begin PBXShellScriptBuildPhase section */
		09CBD0ED5114A36CE138E9F6 /* [CP] Check Pods Manifest.lock */ = {
			isa = PBXShellScriptBuildPhase;
			buildActionMask = 2147483647;
			files = (
			);
			inputPaths = (
				"${PODS_PODFILE_DIR_PATH}/Podfile.lock",
				"${PODS_ROOT}/Manifest.lock",
			);
			name = "[CP] Check Pods Manifest.lock";
			outputPaths = (
				"$(DERIVED_FILE_DIR)/Pods-PokeFinder-checkManifestLockResult.txt",
			);
			runOnlyForDeploymentPostprocessing = 0;
			shellPath = /bin/sh;
			shellScript = "diff \"${PODS_PODFILE_DIR_PATH}/Podfile.lock\" \"${PODS_ROOT}/Manifest.lock\" > /dev/null\nif [ $? != 0 ] ; then\n    # print error to STDERR\n    echo \"error: The sandbox is not in sync with the Podfile.lock. Run 'pod install' or update your CocoaPods installation.\" >&2\n    exit 1\nfi\n# This output is used by Xcode 'outputs' to avoid re-running this script phase.\necho \"SUCCESS\" > \"${SCRIPT_OUTPUT_FILE_0}\"\n";
			showEnvVarsInLog = 0;
		};
		67C50499EA8DB38060184251 /* [CP] Embed Pods Frameworks */ = {
			isa = PBXShellScriptBuildPhase;
			buildActionMask = 2147483647;
			files = (
			);
			inputPaths = (
				"${SRCROOT}/Pods/Target Support Files/Pods-PokeFinder/Pods-PokeFinder-frameworks.sh",
				"${BUILT_PRODUCTS_DIR}/GoogleToolboxForMac/GoogleToolboxForMac.framework",
			);
			name = "[CP] Embed Pods Frameworks";
			outputPaths = (
				"${TARGET_BUILD_DIR}/${FRAMEWORKS_FOLDER_PATH}/GoogleToolboxForMac.framework",
			);
			runOnlyForDeploymentPostprocessing = 0;
			shellPath = /bin/sh;
			shellScript = "\"${SRCROOT}/Pods/Target Support Files/Pods-PokeFinder/Pods-PokeFinder-frameworks.sh\"\n";
			showEnvVarsInLog = 0;
		};
		72884246F43D8725160816B7 /* [CP] Copy Pods Resources */ = {
			isa = PBXShellScriptBuildPhase;
			buildActionMask = 2147483647;
			files = (
			);
			inputPaths = (
			);
			name = "[CP] Copy Pods Resources";
			outputPaths = (
			);
			runOnlyForDeploymentPostprocessing = 0;
			shellPath = /bin/sh;
			shellScript = "\"${SRCROOT}/Pods/Target Support Files/Pods-PokeFinder/Pods-PokeFinder-resources.sh\"\n";
			showEnvVarsInLog = 0;
		};
		82236D75EF0569D5B74A173E /* [CP] Check Pods Manifest.lock */ = {
			isa = PBXShellScriptBuildPhase;
			buildActionMask = 2147483647;
			files = (
			);
			inputPaths = (
				"${PODS_PODFILE_DIR_PATH}/Podfile.lock",
				"${PODS_ROOT}/Manifest.lock",
			);
			name = "[CP] Check Pods Manifest.lock";
			outputPaths = (
				"$(DERIVED_FILE_DIR)/Pods-PokeFinderTests-checkManifestLockResult.txt",
			);
			runOnlyForDeploymentPostprocessing = 0;
			shellPath = /bin/sh;
			shellScript = "diff \"${PODS_PODFILE_DIR_PATH}/Podfile.lock\" \"${PODS_ROOT}/Manifest.lock\" > /dev/null\nif [ $? != 0 ] ; then\n    # print error to STDERR\n    echo \"error: The sandbox is not in sync with the Podfile.lock. Run 'pod install' or update your CocoaPods installation.\" >&2\n    exit 1\nfi\n# This output is used by Xcode 'outputs' to avoid re-running this script phase.\necho \"SUCCESS\" > \"${SCRIPT_OUTPUT_FILE_0}\"\n";
			showEnvVarsInLog = 0;
		};
		A2216A7973398C8BFF3C3704 /* [CP] Embed Pods Frameworks */ = {
			isa = PBXShellScriptBuildPhase;
			buildActionMask = 2147483647;
			files = (
			);
			inputPaths = (
			);
			name = "[CP] Embed Pods Frameworks";
			outputPaths = (
			);
			runOnlyForDeploymentPostprocessing = 0;
			shellPath = /bin/sh;
			shellScript = "\"${SRCROOT}/Pods/Target Support Files/Pods-PokeFinderTests/Pods-PokeFinderTests-frameworks.sh\"\n";
			showEnvVarsInLog = 0;
		};
		C3E269E0A057108D0A19B1B4 /* [CP] Copy Pods Resources */ = {
			isa = PBXShellScriptBuildPhase;
			buildActionMask = 2147483647;
			files = (
			);
			inputPaths = (
			);
			name = "[CP] Copy Pods Resources";
			outputPaths = (
			);
			runOnlyForDeploymentPostprocessing = 0;
			shellPath = /bin/sh;
			shellScript = "\"${SRCROOT}/Pods/Target Support Files/Pods-PokeFinderTests/Pods-PokeFinderTests-resources.sh\"\n";
			showEnvVarsInLog = 0;
		};
/* End PBXShellScriptBuildPhase section */

/* Begin PBXSourcesBuildPhase section */
		BF77E9A01F7EDD1F00A90CC7 /* Sources */ = {
			isa = PBXSourcesBuildPhase;
			buildActionMask = 2147483647;
			files = (
				BF77E9AA1F7EDD1F00A90CC7 /* ViewController.swift in Sources */,
				BF77E9A81F7EDD1F00A90CC7 /* AppDelegate.swift in Sources */,
			);
			runOnlyForDeploymentPostprocessing = 0;
		};
		BF77E9B41F7EDD1F00A90CC7 /* Sources */ = {
			isa = PBXSourcesBuildPhase;
			buildActionMask = 2147483647;
			files = (
				BF77E9BD1F7EDD1F00A90CC7 /* PokeFinderTests.swift in Sources */,
			);
			runOnlyForDeploymentPostprocessing = 0;
		};
/* End PBXSourcesBuildPhase section */

/* Begin PBXTargetDependency section */
		BF77E9BA1F7EDD1F00A90CC7 /* PBXTargetDependency */ = {
			isa = PBXTargetDependency;
			target = BF77E9A31F7EDD1F00A90CC7 /* PokeFinder */;
			targetProxy = BF77E9B91F7EDD1F00A90CC7 /* PBXContainerItemProxy */;
		};
/* End PBXTargetDependency section */

/* Begin PBXVariantGroup section */
		BF77E9AB1F7EDD1F00A90CC7 /* Main.storyboard */ = {
			isa = PBXVariantGroup;
			children = (
				BF77E9AC1F7EDD1F00A90CC7 /* Base */,
			);
			name = Main.storyboard;
			sourceTree = "<group>";
		};
		BF77E9B01F7EDD1F00A90CC7 /* LaunchScreen.storyboard */ = {
			isa = PBXVariantGroup;
			children = (
				BF77E9B11F7EDD1F00A90CC7 /* Base */,
			);
			name = LaunchScreen.storyboard;
			sourceTree = "<group>";
		};
/* End PBXVariantGroup section */

/* Begin XCBuildConfiguration section */
		BF77E9BF1F7EDD1F00A90CC7 /* Debug */ = {
			isa = XCBuildConfiguration;
			buildSettings = {
				ALWAYS_SEARCH_USER_PATHS = NO;
				CLANG_ANALYZER_NONNULL = YES;
				CLANG_ANALYZER_NUMBER_OBJECT_CONVERSION = YES_AGGRESSIVE;
				CLANG_CXX_LANGUAGE_STANDARD = "gnu++14";
				CLANG_CXX_LIBRARY = "libc++";
				CLANG_ENABLE_MODULES = YES;
				CLANG_ENABLE_OBJC_ARC = YES;
				CLANG_WARN_BLOCK_CAPTURE_AUTORELEASING = YES;
				CLANG_WARN_BOOL_CONVERSION = YES;
				CLANG_WARN_COMMA = YES;
				CLANG_WARN_CONSTANT_CONVERSION = YES;
				CLANG_WARN_DIRECT_OBJC_ISA_USAGE = YES_ERROR;
				CLANG_WARN_DOCUMENTATION_COMMENTS = YES;
				CLANG_WARN_EMPTY_BODY = YES;
				CLANG_WARN_ENUM_CONVERSION = YES;
				CLANG_WARN_INFINITE_RECURSION = YES;
				CLANG_WARN_INT_CONVERSION = YES;
				CLANG_WARN_NON_LITERAL_NULL_CONVERSION = YES;
				CLANG_WARN_OBJC_LITERAL_CONVERSION = YES;
				CLANG_WARN_OBJC_ROOT_CLASS = YES_ERROR;
				CLANG_WARN_RANGE_LOOP_ANALYSIS = YES;
				CLANG_WARN_STRICT_PROTOTYPES = YES;
				CLANG_WARN_SUSPICIOUS_MOVE = YES;
				CLANG_WARN_UNGUARDED_AVAILABILITY = YES_AGGRESSIVE;
				CLANG_WARN_UNREACHABLE_CODE = YES;
				CLANG_WARN__DUPLICATE_METHOD_MATCH = YES;
				CODE_SIGN_IDENTITY = "iPhone Developer";
				COPY_PHASE_STRIP = NO;
				DEBUG_INFORMATION_FORMAT = dwarf;
				ENABLE_STRICT_OBJC_MSGSEND = YES;
				ENABLE_TESTABILITY = YES;
				GCC_C_LANGUAGE_STANDARD = gnu11;
				GCC_DYNAMIC_NO_PIC = NO;
				GCC_NO_COMMON_BLOCKS = YES;
				GCC_OPTIMIZATION_LEVEL = 0;
				GCC_PREPROCESSOR_DEFINITIONS = (
					"DEBUG=1",
					"$(inherited)",
				);
				GCC_WARN_64_TO_32_BIT_CONVERSION = YES;
				GCC_WARN_ABOUT_RETURN_TYPE = YES_ERROR;
				GCC_WARN_UNDECLARED_SELECTOR = YES;
				GCC_WARN_UNINITIALIZED_AUTOS = YES_AGGRESSIVE;
				GCC_WARN_UNUSED_FUNCTION = YES;
				GCC_WARN_UNUSED_VARIABLE = YES;
				IPHONEOS_DEPLOYMENT_TARGET = 11.0;
				MTL_ENABLE_DEBUG_INFO = YES;
				ONLY_ACTIVE_ARCH = YES;
				SDKROOT = iphoneos;
				SWIFT_ACTIVE_COMPILATION_CONDITIONS = DEBUG;
				SWIFT_OPTIMIZATION_LEVEL = "-Onone";
			};
			name = Debug;
		};
		BF77E9C01F7EDD1F00A90CC7 /* Release */ = {
			isa = XCBuildConfiguration;
			buildSettings = {
				ALWAYS_SEARCH_USER_PATHS = NO;
				CLANG_ANALYZER_NONNULL = YES;
				CLANG_ANALYZER_NUMBER_OBJECT_CONVERSION = YES_AGGRESSIVE;
				CLANG_CXX_LANGUAGE_STANDARD = "gnu++14";
				CLANG_CXX_LIBRARY = "libc++";
				CLANG_ENABLE_MODULES = YES;
				CLANG_ENABLE_OBJC_ARC = YES;
				CLANG_WARN_BLOCK_CAPTURE_AUTORELEASING = YES;
				CLANG_WARN_BOOL_CONVERSION = YES;
				CLANG_WARN_COMMA = YES;
				CLANG_WARN_CONSTANT_CONVERSION = YES;
				CLANG_WARN_DIRECT_OBJC_ISA_USAGE = YES_ERROR;
				CLANG_WARN_DOCUMENTATION_COMMENTS = YES;
				CLANG_WARN_EMPTY_BODY = YES;
				CLANG_WARN_ENUM_CONVERSION = YES;
				CLANG_WARN_INFINITE_RECURSION = YES;
				CLANG_WARN_INT_CONVERSION = YES;
				CLANG_WARN_NON_LITERAL_NULL_CONVERSION = YES;
				CLANG_WARN_OBJC_LITERAL_CONVERSION = YES;
				CLANG_WARN_OBJC_ROOT_CLASS = YES_ERROR;
				CLANG_WARN_RANGE_LOOP_ANALYSIS = YES;
				CLANG_WARN_STRICT_PROTOTYPES = YES;
				CLANG_WARN_SUSPICIOUS_MOVE = YES;
				CLANG_WARN_UNGUARDED_AVAILABILITY = YES_AGGRESSIVE;
				CLANG_WARN_UNREACHABLE_CODE = YES;
				CLANG_WARN__DUPLICATE_METHOD_MATCH = YES;
				CODE_SIGN_IDENTITY = "iPhone Developer";
				COPY_PHASE_STRIP = NO;
				DEBUG_INFORMATION_FORMAT = "dwarf-with-dsym";
				ENABLE_NS_ASSERTIONS = NO;
				ENABLE_STRICT_OBJC_MSGSEND = YES;
				GCC_C_LANGUAGE_STANDARD = gnu11;
				GCC_NO_COMMON_BLOCKS = YES;
				GCC_WARN_64_TO_32_BIT_CONVERSION = YES;
				GCC_WARN_ABOUT_RETURN_TYPE = YES_ERROR;
				GCC_WARN_UNDECLARED_SELECTOR = YES;
				GCC_WARN_UNINITIALIZED_AUTOS = YES_AGGRESSIVE;
				GCC_WARN_UNUSED_FUNCTION = YES;
				GCC_WARN_UNUSED_VARIABLE = YES;
				IPHONEOS_DEPLOYMENT_TARGET = 11.0;
				MTL_ENABLE_DEBUG_INFO = NO;
				SDKROOT = iphoneos;
				SWIFT_OPTIMIZATION_LEVEL = "-Owholemodule";
				VALIDATE_PRODUCT = YES;
			};
			name = Release;
		};
		BF77E9C21F7EDD1F00A90CC7 /* Debug */ = {
			isa = XCBuildConfiguration;
			baseConfigurationReference = B902AE4C71C2BF9452C0DD21 /* Pods-PokeFinder.debug.xcconfig */;
			buildSettings = {
				ASSETCATALOG_COMPILER_APPICON_NAME = AppIcon;
				CODE_SIGN_STYLE = Automatic;
				DEVELOPMENT_TEAM = 638D54L9YL;
				INFOPLIST_FILE = PokeFinder/Info.plist;
				LD_RUNPATH_SEARCH_PATHS = "$(inherited) @executable_path/Frameworks";
				NEW_SETTING = "";
				PRODUCT_BUNDLE_IDENTIFIER = com.JacobBailey.PokeFinder;
				PRODUCT_NAME = "$(TARGET_NAME)";
				SWIFT_OBJC_BRIDGING_HEADER = "PokeFinder/PokeFinder-Bridging-Header.h";
				SWIFT_VERSION = 4.0;
				TARGETED_DEVICE_FAMILY = "1,2";
			};
			name = Debug;
		};
		BF77E9C31F7EDD1F00A90CC7 /* Release */ = {
			isa = XCBuildConfiguration;
			baseConfigurationReference = 2066DBB77A207216FE00981E /* Pods-PokeFinder.release.xcconfig */;
			buildSettings = {
				ASSETCATALOG_COMPILER_APPICON_NAME = AppIcon;
				CODE_SIGN_STYLE = Automatic;
				DEVELOPMENT_TEAM = 638D54L9YL;
				INFOPLIST_FILE = PokeFinder/Info.plist;
				LD_RUNPATH_SEARCH_PATHS = "$(inherited) @executable_path/Frameworks";
				NEW_SETTING = "";
				PRODUCT_BUNDLE_IDENTIFIER = com.JacobBailey.PokeFinder;
				PRODUCT_NAME = "$(TARGET_NAME)";
				SWIFT_OBJC_BRIDGING_HEADER = "PokeFinder/PokeFinder-Bridging-Header.h";
				SWIFT_VERSION = 4.0;
				TARGETED_DEVICE_FAMILY = "1,2";
			};
			name = Release;
		};
		BF77E9C51F7EDD1F00A90CC7 /* Debug */ = {
			isa = XCBuildConfiguration;
			baseConfigurationReference = 03A7D029C45FB442B01531D8 /* Pods-PokeFinderTests.debug.xcconfig */;
			buildSettings = {
				ALWAYS_EMBED_SWIFT_STANDARD_LIBRARIES = YES;
				BUNDLE_LOADER = "$(TEST_HOST)";
				CODE_SIGN_STYLE = Automatic;
				INFOPLIST_FILE = PokeFinderTests/Info.plist;
				LD_RUNPATH_SEARCH_PATHS = "$(inherited) @executable_path/Frameworks @loader_path/Frameworks";
				PRODUCT_BUNDLE_IDENTIFIER = com.JacobBailey.PokeFinderTests;
				PRODUCT_NAME = "$(TARGET_NAME)";
				SWIFT_VERSION = 4.0;
				TARGETED_DEVICE_FAMILY = "1,2";
				TEST_HOST = "$(BUILT_PRODUCTS_DIR)/PokeFinder.app/PokeFinder";
			};
			name = Debug;
		};
		BF77E9C61F7EDD1F00A90CC7 /* Release */ = {
			isa = XCBuildConfiguration;
			baseConfigurationReference = 2DA04143DC65FB52E24DD713 /* Pods-PokeFinderTests.release.xcconfig */;
			buildSettings = {
				ALWAYS_EMBED_SWIFT_STANDARD_LIBRARIES = YES;
				BUNDLE_LOADER = "$(TEST_HOST)";
				CODE_SIGN_STYLE = Automatic;
				INFOPLIST_FILE = PokeFinderTests/Info.plist;
				LD_RUNPATH_SEARCH_PATHS = "$(inherited) @executable_path/Frameworks @loader_path/Frameworks";
				PRODUCT_BUNDLE_IDENTIFIER = com.JacobBailey.PokeFinderTests;
				PRODUCT_NAME = "$(TARGET_NAME)";
				SWIFT_VERSION = 4.0;
				TARGETED_DEVICE_FAMILY = "1,2";
				TEST_HOST = "$(BUILT_PRODUCTS_DIR)/PokeFinder.app/PokeFinder";
			};
			name = Release;
		};
/* End XCBuildConfiguration section */

/* Begin XCConfigurationList section */
		BF77E99F1F7EDD1F00A90CC7 /* Build configuration list for PBXProject "PokeFinder" */ = {
			isa = XCConfigurationList;
			buildConfigurations = (
				BF77E9BF1F7EDD1F00A90CC7 /* Debug */,
				BF77E9C01F7EDD1F00A90CC7 /* Release */,
			);
			defaultConfigurationIsVisible = 0;
			defaultConfigurationName = Release;
		};
		BF77E9C11F7EDD1F00A90CC7 /* Build configuration list for PBXNativeTarget "PokeFinder" */ = {
			isa = XCConfigurationList;
			buildConfigurations = (
				BF77E9C21F7EDD1F00A90CC7 /* Debug */,
				BF77E9C31F7EDD1F00A90CC7 /* Release */,
			);
			defaultConfigurationIsVisible = 0;
			defaultConfigurationName = Release;
		};
		BF77E9C41F7EDD1F00A90CC7 /* Build configuration list for PBXNativeTarget "PokeFinderTests" */ = {
			isa = XCConfigurationList;
			buildConfigurations = (
				BF77E9C51F7EDD1F00A90CC7 /* Debug */,
				BF77E9C61F7EDD1F00A90CC7 /* Release */,
			);
			defaultConfigurationIsVisible = 0;
			defaultConfigurationName = Release;
		};
/* End XCConfigurationList section */
	};
	rootObject = BF77E99C1F7EDD1F00A90CC7 /* Project object */;
}
